
Microsoft Visual Studio Solution File, Format Version 12.00
# Visual Studio Version 17
VisualStudioVersion = 17.4.33122.133
MinimumVisualStudioVersion = 10.0.40219.1
Project("{FAE04EC0-301F-11D3-BF4B-00C04F79EFBC}") = "Pokemon", "Pokemon\Pokemon.csproj", "{AE3B1E35-BD4E-44BE-A8B0-75558EEDC870}"
EndProject
Global
	GlobalSection(SolutionConfigurationPlatforms) = preSolution
		Debug|Any CPU = Debug|Any CPU
		Release|Any CPU = Release|Any CPU
	EndGlobalSection
	GlobalSection(ProjectConfigurationPlatforms) = postSolution
		{AE3B1E35-BD4E-44BE-A8B0-75558EEDC870}.Debug|Any CPU.ActiveCfg = Debug|Any CPU
		{AE3B1E35-BD4E-44BE-A8B0-75558EEDC870}.Debug|Any CPU.Build.0 = Debug|Any CPU
		{AE3B1E35-BD4E-44BE-A8B0-75558EEDC870}.Release|Any CPU.ActiveCfg = Release|Any CPU
		{AE3B1E35-BD4E-44BE-A8B0-75558EEDC870}.Release|Any CPU.Build.0 = Release|Any CPU
	EndGlobalSection
	GlobalSection(SolutionProperties) = preSolution
		HideSolutionNode = FALSE
	EndGlobalSection
	GlobalSection(ExtensibilityGlobals) = postSolution
		SolutionGuid = {FA9D3699-5044-49CB-A56C-679F72E0AD30}
	EndGlobalSection
EndGlobal
